{
  "name": "@spring/root",
  "lockfileVersion": 2,
  "requires": true,
  "packages": {
    "": {
      "name": "@spring/root",
      "workspaces": [
        "app",
        "packages/core"
      ],
      "devDependencies": {
        "prettier": "2.7.1",
        "typescript": "4.6.4"
      }
    },
    "app": {
      "name": "@demo/app",
      "version": "0.0.1",
      "dependencies": {
        "@demo/core": "0.0.1",
        "prettier": "2.7.1",
        "typescript": "4.6.4"
      }
    },
    "node_modules/@demo/app": {
      "resolved": "app",
      "link": true
    },
    "node_modules/@demo/core": {
      "resolved": "packages/core",
      "link": true
    },
    "node_modules/prettier": {
      "version": "2.7.1",
      "resolved": "https://registry.npmjs.org/prettier/-/prettier-2.7.1.tgz",
      "integrity": "sha512-ujppO+MkdPqoVINuDFDRLClm7D78qbDt0/NR+wp5FqEZOoTNAjPHWj17QRhu7geIHJfcNhRk1XVQmF8Bp3ye+g==",
      "bin": {
        "prettier": "bin-prettier.js"
      },
      "engines": {
        "node": ">=10.13.0"
      },
      "funding": {
        "url": "https://github.com/prettier/prettier?sponsor=1"
      }
    },
    "node_modules/typescript": {
      "version": "4.6.4",
      "resolved": "https://registry.npmjs.org/typescript/-/typescript-4.6.4.tgz",
      "integrity": "sha512-9ia/jWHIEbo49HfjrLGfKbZSuWo9iTMwXO+Ca3pRsSpbsMbc7/IU8NKdCZVRRBafVPGnoJeFL76ZOAA84I9fEg==",
      "bin": {
        "tsc": "bin/tsc",
        "tsserver": "bin/tsserver"
      },
      "engines": {
        "node": ">=4.2.0"
      }
    },
    "packages/core": {
      "name": "@demo/core",
      "version": "0.0.1",
      "dependencies": {
        "prettier": "2.7.1",
        "typescript": "4.6.4"
      }
    },
    "services/blocks/drug_db": {
      "name": "@spring/drug_db",
      "extraneous": true,
      "dependencies": {
        "@airtable/blocks": "^0.0.47",
        "@trivago/prettier-plugin-sort-imports": "3.3.0",
        "@types/react": "^16.9.34",
        "@types/react-dom": "^16.9.7",
        "@typescript-eslint/eslint-plugin": "5.30.6",
        "@typescript-eslint/parser": "5.30.6",
        "eslint": "7.32.0",
        "eslint-config-prettier": "8.5.0",
        "eslint-plugin-import": "2.22.1",
        "eslint-plugin-prettier": "4.0.0",
        "eslint-plugin-react": "7.30.1",
        "eslint-plugin-react-hooks": "4.2.0",
        "prettier": "2.7.1",
        "react": "^16.11.0",
        "react-dom": "^16.11.0",
        "typescript": "4.6.4"
      }
    },
    "services/imaging_demo_frontend": {
      "name": "@spring/imaging_demo_frontend",
      "version": "0.1.0",
      "extraneous": true,
      "dependencies": {
        "@sentry/react": "^7.1.1",
        "@sentry/tracing": "^7.1.1",
        "@spring/core": "0.1.0",
        "@spring/imaging": "0.1.0",
        "@svgr/core": "^6.1.1",
        "@svgr/plugin-svgo": "^6.1.0",
        "@trivago/prettier-plugin-sort-imports": "3.3.0",
        "@types/d3-array": "^3.0.2",
        "@types/mixpanel-browser": "^2.38.0",
        "@types/query-string": "^6.3.0",
        "@types/rc-slider": "^8.6.5",
        "@types/react": "^16.9.53",
        "@types/react-color": "^3.0.1",
        "@types/react-dom": "^16.9.8",
        "@types/react-redux": "^7.1.8",
        "@types/react-router-dom": "^5.1.3",
        "@types/utif": "^3.0.0",
        "@typescript-eslint/eslint-plugin": "5.30.6",
        "@typescript-eslint/parser": "5.30.6",
        "@vitejs/plugin-react": "^1.1.1",
        "aphrodite": "^2.2.3",
        "autoprefixer": "10.4.5",
        "bootstrap": "^5.2.0",
        "classnames": "^2.3.1",
        "clipboard-polyfill": "^2.8.1",
        "d3-array": "^3.1.1",
        "datalib": "^1.9.2",
        "eslint": "7.32.0",
        "eslint-config-prettier": "8.5.0",
        "eslint-plugin-import": "2.22.1",
        "eslint-plugin-prettier": "4.0.0",
        "eslint-plugin-react": "7.30.1",
        "eslint-plugin-react-hooks": "4.2.0",
        "history": "^4.10.1",
        "loaders.css": "^0.1.2",
        "mixpanel-browser": "^2.45.0",
        "moment": "^2.22.2",
        "path-to-regexp": "^2.4.0",
        "postcss": "^8.4.14",
        "query-string": "^6.13.1",
        "rc-slider": "^8.6.4",
        "react": "^17.0.1",
        "react-color": "^2.17.3",
        "react-dom": "^17.0.1",
        "react-helmet": "^6.1.0",
        "react-icons": "^4.3.1",
        "react-loaders": "^3.0.1",
        "react-markdown": "^5.0.3",
        "react-redux": "^7.2.0",
        "react-router-dom": "^5.2.0",
        "react-select-plus": "^1.2.0",
        "react-selectable-fast": "^3.4.0",
        "react-toasts": "^3.0.6",
        "react-vega": "^7.1.0",
        "reactstrap": "^9.0.1",
        "redux": "^4.1.1",
        "tailwindcss": "^3.0.24",
        "utif": "^3.1.0",
        "vega": "^5.7.3",
        "vega-lite": "^4.13.1",
        "vega-statistics": "^1.7.10",
        "vite": "^3.0.5",
        "vitest": "^0.18.0"
      }
    },
    "services/saas_demo_frontend": {
      "name": "@spring/saas-demo-frontend",
      "version": "0.1.0",
      "extraneous": true,
      "dependencies": {
        "@auth0/auth0-react": "^1.10.2",
        "@sentry/react": "^7.1.1",
        "@sentry/tracing": "^7.1.1",
        "@spring/core": "0.1.0",
        "@spring/imaging": "0.1.0",
        "@trivago/prettier-plugin-sort-imports": "3.3.0",
        "@types/mixpanel-browser": "^2.38.0",
        "@types/query-string": "^6.3.0",
        "@types/rc-slider": "^8.6.5",
        "@types/react": "^16.9.53",
        "@types/react-dom": "^16.9.8",
        "@types/react-redux": "^7.1.8",
        "@types/react-router-dom": "^5.1.3",
        "@typescript-eslint/eslint-plugin": "5.30.6",
        "@typescript-eslint/parser": "5.30.6",
        "@vitejs/plugin-react": "^1.1.1",
        "aphrodite": "^2.2.3",
        "autoprefixer": "10.4.5",
        "bootstrap": "^5.2.0",
        "datalib": "^1.9.3",
        "eslint": "7.32.0",
        "eslint-config-prettier": "8.5.0",
        "eslint-plugin-import": "2.22.1",
        "eslint-plugin-prettier": "4.0.0",
        "eslint-plugin-react": "7.30.1",
        "eslint-plugin-react-hooks": "4.2.0",
        "history": "^4.10.1",
        "loaders.css": "^0.1.2",
        "mixpanel-browser": "^2.45.0",
        "path-to-regexp": "^2.4.0",
        "postcss": "^8.4.14",
        "query-string": "^6.13.1",
        "rc-slider": "^8.6.4",
        "react": "^17.0.1",
        "react-dom": "^17.0.1",
        "react-icons": "^4.3.1",
        "react-loaders": "^3.0.1",
        "react-redux": "^7.2.0",
        "react-router-dom": "^5.2.0",
        "react-select-plus": "^1.2.0",
        "swr": "^1.3.0",
        "tailwindcss": "^3.0.24",
        "vite": "^3.0.5",
        "vite-plugin-sentry": "^1.1.4",
        "vitest": "^0.18.0"
      }
    },
    "services/webapp-frontend": {
      "name": "@spring/webapp-frontend",
      "version": "0.1.0",
      "extraneous": true,
      "dependencies": {
        "@sentry/react": "^7.1.1",
        "@sentry/tracing": "^7.1.1",
        "@spring/core": "0.1.0",
        "@spring/imaging": "0.1.0",
        "@svgr/core": "^6.1.1",
        "@svgr/plugin-svgo": "^6.1.0",
        "@testing-library/react": "^12.1.5",
        "@trivago/prettier-plugin-sort-imports": "3.3.0",
        "@types/d3-array": "^3.0.2",
        "@types/mixpanel-browser": "^2.38.0",
        "@types/query-string": "^6.3.0",
        "@types/rc-slider": "^8.6.5",
        "@types/react": "^16.9.53",
        "@types/react-color": "^3.0.1",
        "@types/react-dom": "^16.9.8",
        "@types/react-redux": "^7.1.8",
        "@types/react-router-dom": "^5.1.3",
        "@types/utif": "^3.0.0",
        "@typescript-eslint/eslint-plugin": "5.30.6",
        "@typescript-eslint/parser": "5.30.6",
        "@vitejs/plugin-react": "^1.1.1",
        "aphrodite": "^2.2.3",
        "autoprefixer": "10.4.5",
        "bootstrap": "^5.2.0",
        "classnames": "^2.3.1",
        "clipboard-polyfill": "^2.8.1",
        "d3-array": "^3.1.1",
        "datalib": "^1.9.2",
        "eslint": "7.32.0",
        "eslint-config-prettier": "8.5.0",
        "eslint-plugin-import": "2.22.1",
        "eslint-plugin-prettier": "4.0.0",
        "eslint-plugin-react": "7.30.1",
        "eslint-plugin-react-hooks": "4.2.0",
        "history": "^4.10.1",
        "loaders.css": "^0.1.2",
        "mixpanel-browser": "^2.45.0",
        "moment": "^2.22.2",
        "openseadragon": "^3.0.0",
        "path-to-regexp": "^2.4.0",
        "postcss": "^8.4.14",
        "prettier": "2.7.1",
        "query-string": "^6.13.1",
        "rc-slider": "^8.6.4",
        "react": "^17.0.1",
        "react-color": "^2.17.3",
        "react-dom": "^17.0.1",
        "react-helmet": "^6.1.0",
        "react-icons": "^4.3.1",
        "react-loaders": "^3.0.1",
        "react-markdown": "^5.0.3",
        "react-redux": "^7.2.0",
        "react-router-dom": "^5.2.0",
        "react-select-plus": "^1.2.0",
        "react-selectable-fast": "^3.4.0",
        "react-toasts": "^3.0.6",
        "react-vega": "^7.1.0",
        "reactstrap": "^9.0.1",
        "redux": "^4.1.1",
        "smiles-drawer": "^1.2.0",
        "tailwindcss": "^3.0.24",
        "typescript": "4.6.4",
        "utif": "^3.1.0",
        "vega": "^5.7.3",
        "vega-lite": "^4.13.1",
        "vega-statistics": "^1.7.10",
        "vite": "^3.0.5",
        "vitest": "^0.18.0"
      },
      "devDependencies": {
        "jsdom": "^20.0.0"
      }
    },
    "services/workers/springdisc-images": {
      "version": "0.0.0",
      "extraneous": true,
      "devDependencies": {
        "@cloudflare/workers-types": "^3.10.0",
        "@trivago/prettier-plugin-sort-imports": "3.3.0",
        "@typescript-eslint/eslint-plugin": "5.30.6",
        "@typescript-eslint/parser": "5.30.6",
        "eslint": "7.32.0",
        "eslint-config-prettier": "8.5.0",
        "eslint-plugin-import": "2.22.1",
        "eslint-plugin-prettier": "4.0.0",
        "eslint-plugin-react": "7.30.1",
        "eslint-plugin-react-hooks": "4.2.0",
        "prettier": "2.7.1",
        "typescript": "4.6.4",
        "wrangler": "^2.0.6"
      }
    },
    "services/workers/springdisc-r2": {
      "version": "0.0.0",
      "extraneous": true,
      "devDependencies": {
        "@cloudflare/workers-types": "^3.10.0",
        "@trivago/prettier-plugin-sort-imports": "3.3.0",
        "@typescript-eslint/eslint-plugin": "5.30.6",
        "@typescript-eslint/parser": "5.30.6",
        "eslint": "7.32.0",
        "eslint-config-prettier": "8.5.0",
        "eslint-plugin-import": "2.22.1",
        "eslint-plugin-prettier": "4.0.0",
        "eslint-plugin-react": "7.30.1",
        "eslint-plugin-react-hooks": "4.2.0",
        "prettier": "2.7.1",
        "typescript": "4.6.4",
        "wrangler": "^2.0.6"
      }
    },
    "workspaces/core": {
      "name": "@spring/core",
      "version": "0.1.0",
      "extraneous": true,
      "dependencies": {
        "@types/react": "^16.9.53",
        "@typescript-eslint/eslint-plugin": "5.30.6",
        "@typescript-eslint/parser": "5.30.6",
        "eslint": "7.32.0",
        "eslint-config-prettier": "8.5.0",
        "eslint-plugin-import": "2.22.1",
        "eslint-plugin-prettier": "4.0.0",
        "eslint-plugin-react": "7.30.1",
        "eslint-plugin-react-hooks": "4.2.0",
        "prettier": "2.7.1",
        "react": "^17.0.1",
        "typescript": "4.6.4",
        "vite": "^3.0.5"
      },
      "devDependencies": {
        "vitest": "^0.22.0"
      }
    },
    "workspaces/imaging": {
      "name": "@spring/imaging",
      "version": "0.1.0",
      "extraneous": true,
      "dependencies": {
        "@types/react": "^16.9.53",
        "@typescript-eslint/eslint-plugin": "5.30.6",
        "@typescript-eslint/parser": "5.30.6",
        "@vitejs/plugin-react": "^1.1.1",
        "eslint": "7.32.0",
        "eslint-config-prettier": "8.5.0",
        "eslint-plugin-import": "2.22.1",
        "eslint-plugin-prettier": "4.0.0",
        "eslint-plugin-react": "7.30.1",
        "eslint-plugin-react-hooks": "4.2.0",
        "prettier": "2.7.1",
        "react": "^17.0.1",
        "react-icons": "^4.3.1",
        "react-select-plus": "^1.2.0",
        "typescript": "4.6.4",
        "vite": "^3.0.5"
      }
    }
  },
  "dependencies": {
    "@demo/app": {
      "version": "file:app",
      "requires": {
        "@demo/core": "0.0.1",
        "prettier": "2.7.1",
        "typescript": "4.6.4"
      }
    },
    "@demo/core": {
      "version": "file:packages/core",
      "requires": {
        "prettier": "2.7.1",
        "typescript": "4.6.4"
      }
    },
    "prettier": {
      "version": "2.7.1",
      "resolved": "https://registry.npmjs.org/prettier/-/prettier-2.7.1.tgz",
      "integrity": "sha512-ujppO+MkdPqoVINuDFDRLClm7D78qbDt0/NR+wp5FqEZOoTNAjPHWj17QRhu7geIHJfcNhRk1XVQmF8Bp3ye+g=="
    },
    "typescript": {
      "version": "4.6.4",
      "resolved": "https://registry.npmjs.org/typescript/-/typescript-4.6.4.tgz",
      "integrity": "sha512-9ia/jWHIEbo49HfjrLGfKbZSuWo9iTMwXO+Ca3pRsSpbsMbc7/IU8NKdCZVRRBafVPGnoJeFL76ZOAA84I9fEg=="
    }
  }
}
